
Microsoft Visual Studio Solution File, Format Version 10.00
# Visual Studio 2008
Project("{FAE04EC0-301F-11D3-BF4B-00C04F79EFBC}") = "TreeViewWithViewModelDemo", "TreeViewWithViewModelDemo\TreeViewWithViewModelDemo.csproj", "{E10EB261-1B7B-4112-863E-2B197F08DDCD}"
EndProject
Project("{FAE04EC0-301F-11D3-BF4B-00C04F79EFBC}") = "BusinessLib", "BusinessLib\BusinessLib.csproj", "{10B78211-364B-46CF-B310-22457F5669D2}"
EndProject
Global
	GlobalSection(SolutionConfigurationPlatforms) = preSolution
		Debug|Any CPU = Debug|Any CPU
		Release|Any CPU = Release|Any CPU
	EndGlobalSection
	GlobalSection(ProjectConfigurationPlatforms) = postSolution
		{E10EB261-1B7B-4112-863E-2B197F08DDCD}.Debug|Any CPU.ActiveCfg = Debug|Any CPU
		{E10EB261-1B7B-4112-863E-2B197F08DDCD}.Debug|Any CPU.Build.0 = Debug|Any CPU
		{E10EB261-1B7B-4112-863E-2B197F08DDCD}.Release|Any CPU.ActiveCfg = Release|Any CPU
		{E10EB261-1B7B-4112-863E-2B197F08DDCD}.Release|Any CPU.Build.0 = Release|Any CPU
		{10B78211-364B-46CF-B310-22457F5669D2}.Debug|Any CPU.ActiveCfg = Debug|Any CPU
		{10B78211-364B-46CF-B310-22457F5669D2}.Debug|Any CPU.Build.0 = Debug|Any CPU
		{10B78211-364B-46CF-B310-22457F5669D2}.Release|Any CPU.ActiveCfg = Release|Any CPU
		{10B78211-364B-46CF-B310-22457F5669D2}.Release|Any CPU.Build.0 = Release|Any CPU
	EndGlobalSection
	GlobalSection(SolutionProperties) = preSolution
		HideSolutionNode = FALSE
	EndGlobalSection
EndGlobal
